
Microsoft Visual Studio Solution File, Format Version 12.00
# Visual Studio Version 16
VisualStudioVersion = 16.0.31624.102
MinimumVisualStudioVersion = 10.0.40219.1
Project("{FAE04EC0-301F-11D3-BF4B-00C04F79EFBC}") = "MvcStock", "MvcStock\MvcStock.csproj", "{EC23FF26-A428-46BE-8101-3EC7374CC1DF}"
EndProject
Global
	GlobalSection(SolutionConfigurationPlatforms) = preSolution
		Debug|Any CPU = Debug|Any CPU
		Release|Any CPU = Release|Any CPU
	EndGlobalSection
	GlobalSection(ProjectConfigurationPlatforms) = postSolution
		{EC23FF26-A428-46BE-8101-3EC7374CC1DF}.Debug|Any CPU.ActiveCfg = Debug|Any CPU
		{EC23FF26-A428-46BE-8101-3EC7374CC1DF}.Debug|Any CPU.Build.0 = Debug|Any CPU
		{EC23FF26-A428-46BE-8101-3EC7374CC1DF}.Release|Any CPU.ActiveCfg = Release|Any CPU
		{EC23FF26-A428-46BE-8101-3EC7374CC1DF}.Release|Any CPU.Build.0 = Release|Any CPU
	EndGlobalSection
	GlobalSection(SolutionProperties) = preSolution
		HideSolutionNode = FALSE
	EndGlobalSection
	GlobalSection(ExtensibilityGlobals) = postSolution
		SolutionGuid = {FB5F6BBB-F4D4-486A-8D5D-1958119DC5AB}
	EndGlobalSection
EndGlobal
